// !$*UTF8*$!
{
	archiveVersion = 1;
	classes = {
	};
	objectVersion = 56;
	objects = {

/* Begin PBXBuildFile section */
		CD053F2D2BA83B020054CC0D /* Board.swift in Sources */ = {isa = PBXBuildFile; fileRef = CD053F2C2BA83B020054CC0D /* Board.swift */; };
		CDA58DB72B63D0490081C747 /* CRAZYQUARTERApp.swift in Sources */ = {isa = PBXBuildFile; fileRef = CDA58DB62B63D0490081C747 /* CRAZYQUARTERApp.swift */; };
		CDA58DBB2B63D04B0081C747 /* Assets.xcassets in Resources */ = {isa = PBXBuildFile; fileRef = CDA58DBA2B63D04B0081C747 /* Assets.xcassets */; };
		CDA58DBF2B63D04B0081C747 /* Preview Assets.xcassets in Resources */ = {isa = PBXBuildFile; fileRef = CDA58DBE2B63D04B0081C747 /* Preview Assets.xcassets */; };
		CDC8D1192F00271A0077BEE8 /* LaunchView.swift in Sources */ = {isa = PBXBuildFile; fileRef = CDC8D1162F00271A0077BEE8 /* LaunchView.swift */; };
		CDC8D11A2F00271A0077BEE8 /* SquareView.swift in Sources */ = {isa = PBXBuildFile; fileRef = CDC8D1172F00271A0077BEE8 /* SquareView.swift */; };
		CDC8D11B2F00271A0077BEE8 /* Square.swift in Sources */ = {isa = PBXBuildFile; fileRef = CDC8D1102F00271A0077BEE8 /* Square.swift */; };
		CDC8D11C2F00271A0077BEE8 /* ContentViewModel.swift in Sources */ = {isa = PBXBuildFile; fileRef = CDC8D1132F00271A0077BEE8 /* ContentViewModel.swift */; };
		CDC8D11D2F00271A0077BEE8 /* ContentView.swift in Sources */ = {isa = PBXBuildFile; fileRef = CDC8D1152F00271A0077BEE8 /* ContentView.swift */; };
		CDC8D11E2F00271A0077BEE8 /* TicTacToeModel.swift in Sources */ = {isa = PBXBuildFile; fileRef = CDC8D1112F00271A0077BEE8 /* TicTacToeModel.swift */; };
		CDC8D12F2F0040F40077BEE8 /* SquareStatus.swift in Sources */ = {isa = PBXBuildFile; fileRef = CDC8D12E2F0040F40077BEE8 /* SquareStatus.swift */; };
/* End PBXBuildFile section */

/* Begin PBXFileReference section */
		CD053F2C2BA83B020054CC0D /* Board.swift */ = {isa = PBXFileReference; lastKnownFileType = sourcecode.swift; path = Board.swift; sourceTree = "<group>"; };
		CDA58DB32B63D0490081C747 /* CRAZYQUARTER.app */ = {isa = PBXFileReference; explicitFileType = wrapper.application; includeInIndex = 0; path = CRAZYQUARTER.app; sourceTree = BUILT_PRODUCTS_DIR; };
		CDA58DB62B63D0490081C747 /* CRAZYQUARTERApp.swift */ = {isa = PBXFileReference; lastKnownFileType = sourcecode.swift; path = CRAZYQUARTERApp.swift; sourceTree = "<group>"; };
		CDA58DBA2B63D04B0081C747 /* Assets.xcassets */ = {isa = PBXFileReference; lastKnownFileType = folder.assetcatalog; path = Assets.xcassets; sourceTree = "<group>"; };
		CDA58DBC2B63D04B0081C747 /* CRAZYQUARTER.entitlements */ = {isa = PBXFileReference; lastKnownFileType = text.plist.entitlements; path = CRAZYQUARTER.entitlements; sourceTree = "<group>"; };
		CDA58DBE2B63D04B0081C747 /* Preview Assets.xcassets */ = {isa = PBXFileReference; lastKnownFileType = folder.assetcatalog; path = "Preview Assets.xcassets"; sourceTree = "<group>"; };
		CDC8D1102F00271A0077BEE8 /* Square.swift */ = {isa = PBXFileReference; lastKnownFileType = sourcecode.swift; path = Square.swift; sourceTree = "<group>"; };
		CDC8D1112F00271A0077BEE8 /* TicTacToeModel.swift */ = {isa = PBXFileReference; lastKnownFileType = sourcecode.swift; path = TicTacToeModel.swift; sourceTree = "<group>"; };
		CDC8D1132F00271A0077BEE8 /* ContentViewModel.swift */ = {isa = PBXFileReference; lastKnownFileType = sourcecode.swift; path = ContentViewModel.swift; sourceTree = "<group>"; };
		CDC8D1152F00271A0077BEE8 /* ContentView.swift */ = {isa = PBXFileReference; lastKnownFileType = sourcecode.swift; path = ContentView.swift; sourceTree = "<group>"; };
		CDC8D1162F00271A0077BEE8 /* LaunchView.swift */ = {isa = PBXFileReference; lastKnownFileType = sourcecode.swift; path = LaunchView.swift; sourceTree = "<group>"; };
		CDC8D1172F00271A0077BEE8 /* SquareView.swift */ = {isa = PBXFileReference; lastKnownFileType = sourcecode.swift; path = SquareView.swift; sourceTree = "<group>"; };
		CDC8D12E2F0040F40077BEE8 /* SquareStatus.swift */ = {isa = PBXFileReference; lastKnownFileType = sourcecode.swift; path = SquareStatus.swift; sourceTree = "<group>"; };
/* End PBXFileReference section */

/* Begin PBXFrameworksBuildPhase section */
		CDA58DB02B63D0490081C747 /* Frameworks */ = {
			isa = PBXFrameworksBuildPhase;
			buildActionMask = 2147483647;
			files = (
			);
			runOnlyForDeploymentPostprocessing = 0;
		};
/* End PBXFrameworksBuildPhase section */

/* Begin PBXGroup section */
		CDA58DAA2B63D0490081C747 = {
			isa = PBXGroup;
			children = (
				CDA58DB52B63D0490081C747 /* CRAZYQUARTER */,
				CDA58DB42B63D0490081C747 /* Products */,
			);
			sourceTree = "<group>";
		};
		CDA58DB42B63D0490081C747 /* Products */ = {
			isa = PBXGroup;
			children = (
				CDA58DB32B63D0490081C747 /* CRAZYQUARTER.app */,
			);
			name = Products;
			sourceTree = "<group>";
		};
		CDA58DB52B63D0490081C747 /* CRAZYQUARTER */ = {
			isa = PBXGroup;
			children = (
				CDC8D1122F00271A0077BEE8 /* Models */,
				CDC8D1142F00271A0077BEE8 /* ViewModels */,
				CDC8D1182F00271A0077BEE8 /* Views */,
				CDA58DB62B63D0490081C747 /* CRAZYQUARTERApp.swift */,
				CDA58DBA2B63D04B0081C747 /* Assets.xcassets */,
				CDA58DBC2B63D04B0081C747 /* CRAZYQUARTER.entitlements */,
				CDA58DBD2B63D04B0081C747 /* Preview Content */,
			);
			path = CRAZYQUARTER;
			sourceTree = "<group>";
		};
		CDA58DBD2B63D04B0081C747 /* Preview Content */ = {
			isa = PBXGroup;
			children = (
				CDA58DBE2B63D04B0081C747 /* Preview Assets.xcassets */,
			);
			path = "Preview Content";
			sourceTree = "<group>";
		};
		CDC8D1122F00271A0077BEE8 /* Models */ = {
			isa = PBXGroup;
			children = (
				CDC8D12E2F0040F40077BEE8 /* SquareStatus.swift */,
				CDC8D1102F00271A0077BEE8 /* Square.swift */,
				CDC8D1112F00271A0077BEE8 /* TicTacToeModel.swift */,
				CD053F2C2BA83B020054CC0D /* Board.swift */,
			);
			path = Models;
			sourceTree = "<group>";
		};
		CDC8D1142F00271A0077BEE8 /* ViewModels */ = {
			isa = PBXGroup;
			children = (
				CDC8D1132F00271A0077BEE8 /* ContentViewModel.swift */,
			);
			path = ViewModels;
			sourceTree = "<group>";
		};
		CDC8D1182F00271A0077BEE8 /* Views */ = {
			isa = PBXGroup;
			children = (
				CDC8D1152F00271A0077BEE8 /* ContentView.swift */,
				CDC8D1162F00271A0077BEE8 /* LaunchView.swift */,
				CDC8D1172F00271A0077BEE8 /* SquareView.swift */,
			);
			path = Views;
			sourceTree = "<group>";
		};
/* End PBXGroup section */

/* Begin PBXNativeTarget section */
		CDA58DB22B63D0490081C747 /* CRAZYQUARTER */ = {
			isa = PBXNativeTarget;
			buildConfigurationList = CDA58DD82B63D04C0081C747 /* Build configuration list for PBXNativeTarget "CRAZYQUARTER" */;
			buildPhases = (
				CDA58DAF2B63D0490081C747 /* Sources */,
				CDA58DB02B63D0490081C747 /* Frameworks */,
				CDA58DB12B63D0490081C747 /* Resources */,
			);
			buildRules = (
			);
			dependencies = (
			);
			name = CRAZYQUARTER;
			productName = CRAZYQUARTER;
			productReference = CDA58DB32B63D0490081C747 /* CRAZYQUARTER.app */;
			productType = "com.apple.product-type.application";
		};
/* End PBXNativeTarget section */

/* Begin PBXProject section */
		CDA58DAB2B63D0490081C747 /* Project object */ = {
			isa = PBXProject;
			attributes = {
				BuildIndependentTargetsInParallel = 1;
				LastSwiftUpdateCheck = 1520;
				LastUpgradeCheck = 1520;
				TargetAttributes = {
					CDA58DB22B63D0490081C747 = {
						CreatedOnToolsVersion = 15.2;
					};
				};
			};
			buildConfigurationList = CDA58DAE2B63D0490081C747 /* Build configuration list for PBXProject "CRAZYQUARTER" */;
			compatibilityVersion = "Xcode 14.0";
			developmentRegion = en;
			hasScannedForEncodings = 0;
			knownRegions = (
				en,
				Base,
			);
			mainGroup = CDA58DAA2B63D0490081C747;
			productRefGroup = CDA58DB42B63D0490081C747 /* Products */;
			projectDirPath = "";
			projectRoot = "";
			targets = (
				CDA58DB22B63D0490081C747 /* CRAZYQUARTER */,
			);
		};
/* End PBXProject section */

/* Begin PBXResourcesBuildPhase section */
		CDA58DB12B63D0490081C747 /* Resources */ = {
			isa = PBXResourcesBuildPhase;
			buildActionMask = 2147483647;
			files = (
				CDA58DBF2B63D04B0081C747 /* Preview Assets.xcassets in Resources */,
				CDA58DBB2B63D04B0081C747 /* Assets.xcassets in Resources */,
			);
			runOnlyForDeploymentPostprocessing = 0;
		};
/* End PBXResourcesBuildPhase section */

/* Begin PBXSourcesBuildPhase section */
		CDA58DAF2B63D0490081C747 /* Sources */ = {
			isa = PBXSourcesBuildPhase;
			buildActionMask = 2147483647;
			files = (
				CD053F2D2BA83B020054CC0D /* Board.swift in Sources */,
				CDC8D1192F00271A0077BEE8 /* LaunchView.swift in Sources */,
				CDC8D11A2F00271A0077BEE8 /* SquareView.swift in Sources */,
				CDC8D11B2F00271A0077BEE8 /* Square.swift in Sources */,
				CDC8D11C2F00271A0077BEE8 /* ContentViewModel.swift in Sources */,
				CDC8D11D2F00271A0077BEE8 /* ContentView.swift in Sources */,
				CDC8D11E2F00271A0077BEE8 /* TicTacToeModel.swift in Sources */,
				CDC8D12F2F0040F40077BEE8 /* SquareStatus.swift in Sources */,
				CDA58DB72B63D0490081C747 /* CRAZYQUARTERApp.swift in Sources */,
			);
			runOnlyForDeploymentPostprocessing = 0;
		};
/* End PBXSourcesBuildPhase section */

/* Begin XCBuildConfiguration section */
		CDA58DD62B63D04C0081C747 /* Debug */ = {
			isa = XCBuildConfiguration;
			buildSettings = {
				ALWAYS_SEARCH_USER_PATHS = NO;
				ASSETCATALOG_COMPILER_GENERATE_SWIFT_ASSET_SYMBOL_EXTENSIONS = YES;
				CLANG_ANALYZER_NONNULL = YES;
				CLANG_ANALYZER_NUMBER_OBJECT_CONVERSION = YES_AGGRESSIVE;
				CLANG_CXX_LANGUAGE_STANDARD = "gnu++20";
				CLANG_ENABLE_MODULES = YES;
				CLANG_ENABLE_OBJC_ARC = YES;
				CLANG_ENABLE_OBJC_WEAK = YES;
				CLANG_WARN_BLOCK_CAPTURE_AUTORELEASING = YES;
				CLANG_WARN_BOOL_CONVERSION = YES;
				CLANG_WARN_COMMA = YES;
				CLANG_WARN_CONSTANT_CONVERSION = YES;
				CLANG_WARN_DEPRECATED_OBJC_IMPLEMENTATIONS = YES;
				CLANG_WARN_DIRECT_OBJC_ISA_USAGE = YES_ERROR;
				CLANG_WARN_DOCUMENTATION_COMMENTS = YES;
				CLANG_WARN_EMPTY_BODY = YES;
				CLANG_WARN_ENUM_CONVERSION = YES;
				CLANG_WARN_INFINITE_RECURSION = YES;
				CLANG_WARN_INT_CONVERSION = YES;
				CLANG_WARN_NON_LITERAL_NULL_CONVERSION = YES;
				CLANG_WARN_OBJC_IMPLICIT_RETAIN_SELF = YES;
				CLANG_WARN_OBJC_LITERAL_CONVERSION = YES;
				CLANG_WARN_OBJC_ROOT_CLASS = YES_ERROR;
				CLANG_WARN_QUOTED_INCLUDE_IN_FRAMEWORK_HEADER = YES;
				CLANG_WARN_RANGE_LOOP_ANALYSIS = YES;
				CLANG_WARN_STRICT_PROTOTYPES = YES;
				CLANG_WARN_SUSPICIOUS_MOVE = YES;
				CLANG_WARN_UNGUARDED_AVAILABILITY = YES_AGGRESSIVE;
				CLANG_WARN_UNREACHABLE_CODE = YES;
				CLANG_WARN__DUPLICATE_METHOD_MATCH = YES;
				COPY_PHASE_STRIP = NO;
				DEBUG_INFORMATION_FORMAT = dwarf;
				ENABLE_STRICT_OBJC_MSGSEND = YES;
				ENABLE_TESTABILITY = YES;
				ENABLE_USER_SCRIPT_SANDBOXING = YES;
				GCC_C_LANGUAGE_STANDARD = gnu17;
				GCC_DYNAMIC_NO_PIC = NO;
				GCC_NO_COMMON_BLOCKS = YES;
				GCC_OPTIMIZATION_LEVEL = 0;
				GCC_PREPROCESSOR_DEFINITIONS = (
					"DEBUG=1",
					"$(inherited)",
				);
				GCC_WARN_64_TO_32_BIT_CONVERSION = YES;
				GCC_WARN_ABOUT_RETURN_TYPE = YES_ERROR;
				GCC_WARN_UNDECLARED_SELECTOR = YES;
				GCC_WARN_UNINITIALIZED_AUTOS = YES_AGGRESSIVE;
				GCC_WARN_UNUSED_FUNCTION = YES;
				GCC_WARN_UNUSED_VARIABLE = YES;
				IPHONEOS_DEPLOYMENT_TARGET = 17.4;
				LOCALIZATION_PREFERS_STRING_CATALOGS = YES;
				MTL_ENABLE_DEBUG_INFO = INCLUDE_SOURCE;
				MTL_FAST_MATH = YES;
				ONLY_ACTIVE_ARCH = YES;
				SWIFT_ACTIVE_COMPILATION_CONDITIONS = "DEBUG $(inherited)";
				SWIFT_OPTIMIZATION_LEVEL = "-Onone";
			};
			name = Debug;
		};
		CDA58DD72B63D04C0081C747 /* Release */ = {
			isa = XCBuildConfiguration;
			buildSettings = {
				ALWAYS_SEARCH_USER_PATHS = NO;
				ASSETCATALOG_COMPILER_GENERATE_SWIFT_ASSET_SYMBOL_EXTENSIONS = YES;
				CLANG_ANALYZER_NONNULL = YES;
				CLANG_ANALYZER_NUMBER_OBJECT_CONVERSION = YES_AGGRESSIVE;
				CLANG_CXX_LANGUAGE_STANDARD = "gnu++20";
				CLANG_ENABLE_MODULES = YES;
				CLANG_ENABLE_OBJC_ARC = YES;
				CLANG_ENABLE_OBJC_WEAK = YES;
				CLANG_WARN_BLOCK_CAPTURE_AUTORELEASING = YES;
				CLANG_WARN_BOOL_CONVERSION = YES;
				CLANG_WARN_COMMA = YES;
				CLANG_WARN_CONSTANT_CONVERSION = YES;
				CLANG_WARN_DEPRECATED_OBJC_IMPLEMENTATIONS = YES;
				CLANG_WARN_DIRECT_OBJC_ISA_USAGE = YES_ERROR;
				CLANG_WARN_DOCUMENTATION_COMMENTS = YES;
				CLANG_WARN_EMPTY_BODY = YES;
				CLANG_WARN_ENUM_CONVERSION = YES;
				CLANG_WARN_INFINITE_RECURSION = YES;
				CLANG_WARN_INT_CONVERSION = YES;
				CLANG_WARN_NON_LITERAL_NULL_CONVERSION = YES;
				CLANG_WARN_OBJC_IMPLICIT_RETAIN_SELF = YES;
				CLANG_WARN_OBJC_LITERAL_CONVERSION = YES;
				CLANG_WARN_OBJC_ROOT_CLASS = YES_ERROR;
				CLANG_WARN_QUOTED_INCLUDE_IN_FRAMEWORK_HEADER = YES;
				CLANG_WARN_RANGE_LOOP_ANALYSIS = YES;
				CLANG_WARN_STRICT_PROTOTYPES = YES;
				CLANG_WARN_SUSPICIOUS_MOVE = YES;
				CLANG_WARN_UNGUARDED_AVAILABILITY = YES_AGGRESSIVE;
				CLANG_WARN_UNREACHABLE_CODE = YES;
				CLANG_WARN__DUPLICATE_METHOD_MATCH = YES;
				COPY_PHASE_STRIP = NO;
				DEBUG_INFORMATION_FORMAT = "dwarf-with-dsym";
				ENABLE_NS_ASSERTIONS = NO;
				ENABLE_STRICT_OBJC_MSGSEND = YES;
				ENABLE_USER_SCRIPT_SANDBOXING = YES;
				GCC_C_LANGUAGE_STANDARD = gnu17;
				GCC_NO_COMMON_BLOCKS = YES;
				GCC_WARN_64_TO_32_BIT_CONVERSION = YES;
				GCC_WARN_ABOUT_RETURN_TYPE = YES_ERROR;
				GCC_WARN_UNDECLARED_SELECTOR = YES;
				GCC_WARN_UNINITIALIZED_AUTOS = YES_AGGRESSIVE;
				GCC_WARN_UNUSED_FUNCTION = YES;
				GCC_WARN_UNUSED_VARIABLE = YES;
				IPHONEOS_DEPLOYMENT_TARGET = 17.4;
				LOCALIZATION_PREFERS_STRING_CATALOGS = YES;
				MTL_ENABLE_DEBUG_INFO = NO;
				MTL_FAST_MATH = YES;
				SWIFT_COMPILATION_MODE = wholemodule;
			};
			name = Release;
		};
		CDA58DD92B63D04C0081C747 /* Debug */ = {
			isa = XCBuildConfiguration;
			buildSettings = {
				ASSETCATALOG_COMPILER_APPICON_NAME = AppIcon;
				ASSETCATALOG_COMPILER_GLOBAL_ACCENT_COLOR_NAME = AccentColor;
				CODE_SIGN_ENTITLEMENTS = CRAZYQUARTER/CRAZYQUARTER.entitlements;
				CODE_SIGN_STYLE = Automatic;
				CURRENT_PROJECT_VERSION = 1;
				DEVELOPMENT_ASSET_PATHS = "\"CRAZYQUARTER/Preview Content\"";
				DEVELOPMENT_TEAM = X8SJ59XXC8;
				ENABLE_HARDENED_RUNTIME = YES;
				ENABLE_PREVIEWS = YES;
				GENERATE_INFOPLIST_FILE = YES;
				"INFOPLIST_KEY_UIApplicationSceneManifest_Generation[sdk=iphoneos*]" = YES;
				"INFOPLIST_KEY_UIApplicationSceneManifest_Generation[sdk=iphonesimulator*]" = YES;
				"INFOPLIST_KEY_UIApplicationSupportsIndirectInputEvents[sdk=iphoneos*]" = YES;
				"INFOPLIST_KEY_UIApplicationSupportsIndirectInputEvents[sdk=iphonesimulator*]" = YES;
				"INFOPLIST_KEY_UILaunchScreen_Generation[sdk=iphoneos*]" = YES;
				"INFOPLIST_KEY_UILaunchScreen_Generation[sdk=iphonesimulator*]" = YES;
				"INFOPLIST_KEY_UIStatusBarStyle[sdk=iphoneos*]" = UIStatusBarStyleDefault;
				"INFOPLIST_KEY_UIStatusBarStyle[sdk=iphonesimulator*]" = UIStatusBarStyleDefault;
				INFOPLIST_KEY_UISupportedInterfaceOrientations_iPad = "UIInterfaceOrientationPortrait UIInterfaceOrientationPortraitUpsideDown UIInterfaceOrientationLandscapeLeft UIInterfaceOrientationLandscapeRight";
				INFOPLIST_KEY_UISupportedInterfaceOrientations_iPhone = "UIInterfaceOrientationPortrait UIInterfaceOrientationLandscapeLeft UIInterfaceOrientationLandscapeRight";
				IPHONEOS_DEPLOYMENT_TARGET = 17.4;
				LD_RUNPATH_SEARCH_PATHS = "@executable_path/Frameworks";
				"LD_RUNPATH_SEARCH_PATHS[sdk=macosx*]" = "@executable_path/../Frameworks";
				MACOSX_DEPLOYMENT_TARGET = 14.2;
				MARKETING_VERSION = 1.0;
				PRODUCT_BUNDLE_IDENTIFIER = com.momolas.CRAZYQUARTER;
				PRODUCT_NAME = "$(TARGET_NAME)";
				SDKROOT = auto;
				SUPPORTED_PLATFORMS = "iphoneos iphonesimulator";
				SUPPORTS_MACCATALYST = NO;
				SWIFT_EMIT_LOC_STRINGS = YES;
				SWIFT_VERSION = 5.0;
				TARGETED_DEVICE_FAMILY = "1,2";
			};
			name = Debug;
		};
		CDA58DDA2B63D04C0081C747 /* Release */ = {
			isa = XCBuildConfiguration;
			buildSettings = {
				ASSETCATALOG_COMPILER_APPICON_NAME = AppIcon;
				ASSETCATALOG_COMPILER_GLOBAL_ACCENT_COLOR_NAME = AccentColor;
				CODE_SIGN_ENTITLEMENTS = CRAZYQUARTER/CRAZYQUARTER.entitlements;
				CODE_SIGN_STYLE = Automatic;
				CURRENT_PROJECT_VERSION = 1;
				DEVELOPMENT_ASSET_PATHS = "\"CRAZYQUARTER/Preview Content\"";
				DEVELOPMENT_TEAM = X8SJ59XXC8;
				ENABLE_HARDENED_RUNTIME = YES;
				ENABLE_PREVIEWS = YES;
				GENERATE_INFOPLIST_FILE = YES;
				"INFOPLIST_KEY_UIApplicationSceneManifest_Generation[sdk=iphoneos*]" = YES;
				"INFOPLIST_KEY_UIApplicationSceneManifest_Generation[sdk=iphonesimulator*]" = YES;
				"INFOPLIST_KEY_UIApplicationSupportsIndirectInputEvents[sdk=iphoneos*]" = YES;
				"INFOPLIST_KEY_UIApplicationSupportsIndirectInputEvents[sdk=iphonesimulator*]" = YES;
				"INFOPLIST_KEY_UILaunchScreen_Generation[sdk=iphoneos*]" = YES;
				"INFOPLIST_KEY_UILaunchScreen_Generation[sdk=iphonesimulator*]" = YES;
				"INFOPLIST_KEY_UIStatusBarStyle[sdk=iphoneos*]" = UIStatusBarStyleDefault;
				"INFOPLIST_KEY_UIStatusBarStyle[sdk=iphonesimulator*]" = UIStatusBarStyleDefault;
				INFOPLIST_KEY_UISupportedInterfaceOrientations_iPad = "UIInterfaceOrientationPortrait UIInterfaceOrientationPortraitUpsideDown UIInterfaceOrientationLandscapeLeft UIInterfaceOrientationLandscapeRight";
				INFOPLIST_KEY_UISupportedInterfaceOrientations_iPhone = "UIInterfaceOrientationPortrait UIInterfaceOrientationLandscapeLeft UIInterfaceOrientationLandscapeRight";
				IPHONEOS_DEPLOYMENT_TARGET = 17.4;
				LD_RUNPATH_SEARCH_PATHS = "@executable_path/Frameworks";
				"LD_RUNPATH_SEARCH_PATHS[sdk=macosx*]" = "@executable_path/../Frameworks";
				MACOSX_DEPLOYMENT_TARGET = 14.2;
				MARKETING_VERSION = 1.0;
				PRODUCT_BUNDLE_IDENTIFIER = com.momolas.CRAZYQUARTER;
				PRODUCT_NAME = "$(TARGET_NAME)";
				SDKROOT = auto;
				SUPPORTED_PLATFORMS = "iphoneos iphonesimulator";
				SUPPORTS_MACCATALYST = NO;
				SWIFT_EMIT_LOC_STRINGS = YES;
				SWIFT_VERSION = 5.0;
				TARGETED_DEVICE_FAMILY = "1,2";
			};
			name = Release;
		};
/* End XCBuildConfiguration section */

/* Begin XCConfigurationList section */
		CDA58DAE2B63D0490081C747 /* Build configuration list for PBXProject "CRAZYQUARTER" */ = {
			isa = XCConfigurationList;
			buildConfigurations = (
				CDA58DD62B63D04C0081C747 /* Debug */,
				CDA58DD72B63D04C0081C747 /* Release */,
			);
			defaultConfigurationIsVisible = 0;
			defaultConfigurationName = Release;
		};
		CDA58DD82B63D04C0081C747 /* Build configuration list for PBXNativeTarget "CRAZYQUARTER" */ = {
			isa = XCConfigurationList;
			buildConfigurations = (
				CDA58DD92B63D04C0081C747 /* Debug */,
				CDA58DDA2B63D04C0081C747 /* Release */,
			);
			defaultConfigurationIsVisible = 0;
			defaultConfigurationName = Release;
		};
/* End XCConfigurationList section */
	};
	rootObject = CDA58DAB2B63D0490081C747 /* Project object */;
}
